
Microsoft Visual Studio Solution File, Format Version 12.00
# Visual Studio Version 16
VisualStudioVersion = 16.0.30204.135
MinimumVisualStudioVersion = 10.0.40219.1
Project("{FAE04EC0-301F-11D3-BF4B-00C04F79EFBC}") = "GUI", "GUI\GUI.csproj", "{0E50BB32-C187-4745-99BB-E15CD813C6FB}"
EndProject
Project("{FAE04EC0-301F-11D3-BF4B-00C04F79EFBC}") = "DAL", "DAL\DAL.csproj", "{598A903A-90A2-454C-88DF-BD764B98113B}"
EndProject
Project("{FAE04EC0-301F-11D3-BF4B-00C04F79EFBC}") = "MPP", "MPP\MPP.csproj", "{3353FBF5-943D-4B94-8580-9540A9BC76AE}"
EndProject
Project("{FAE04EC0-301F-11D3-BF4B-00C04F79EFBC}") = "ConsoleApp1", "ConsoleApp1\ConsoleApp1.csproj", "{53280492-7242-4818-9CE6-025041BA50A8}"
EndProject
Project("{FAE04EC0-301F-11D3-BF4B-00C04F79EFBC}") = "BLL", "BLL\BLL.csproj", "{FF6E7311-04CF-458A-9C3D-976B0E372833}"
EndProject
Project("{FAE04EC0-301F-11D3-BF4B-00C04F79EFBC}") = "BE", "BE\BE.csproj", "{0441E213-B65C-41CE-8E62-8C38A659289A}"
EndProject
Global
	GlobalSection(SolutionConfigurationPlatforms) = preSolution
		Debug|Any CPU = Debug|Any CPU
		Release|Any CPU = Release|Any CPU
	EndGlobalSection
	GlobalSection(ProjectConfigurationPlatforms) = postSolution
		{0E50BB32-C187-4745-99BB-E15CD813C6FB}.Debug|Any CPU.ActiveCfg = Debug|Any CPU
		{0E50BB32-C187-4745-99BB-E15CD813C6FB}.Debug|Any CPU.Build.0 = Debug|Any CPU
		{0E50BB32-C187-4745-99BB-E15CD813C6FB}.Release|Any CPU.ActiveCfg = Release|Any CPU
		{0E50BB32-C187-4745-99BB-E15CD813C6FB}.Release|Any CPU.Build.0 = Release|Any CPU
		{598A903A-90A2-454C-88DF-BD764B98113B}.Debug|Any CPU.ActiveCfg = Debug|Any CPU
		{598A903A-90A2-454C-88DF-BD764B98113B}.Debug|Any CPU.Build.0 = Debug|Any CPU
		{598A903A-90A2-454C-88DF-BD764B98113B}.Release|Any CPU.ActiveCfg = Release|Any CPU
		{598A903A-90A2-454C-88DF-BD764B98113B}.Release|Any CPU.Build.0 = Release|Any CPU
		{3353FBF5-943D-4B94-8580-9540A9BC76AE}.Debug|Any CPU.ActiveCfg = Debug|Any CPU
		{3353FBF5-943D-4B94-8580-9540A9BC76AE}.Debug|Any CPU.Build.0 = Debug|Any CPU
		{3353FBF5-943D-4B94-8580-9540A9BC76AE}.Release|Any CPU.ActiveCfg = Release|Any CPU
		{3353FBF5-943D-4B94-8580-9540A9BC76AE}.Release|Any CPU.Build.0 = Release|Any CPU
		{53280492-7242-4818-9CE6-025041BA50A8}.Debug|Any CPU.ActiveCfg = Debug|Any CPU
		{53280492-7242-4818-9CE6-025041BA50A8}.Debug|Any CPU.Build.0 = Debug|Any CPU
		{53280492-7242-4818-9CE6-025041BA50A8}.Release|Any CPU.ActiveCfg = Release|Any CPU
		{53280492-7242-4818-9CE6-025041BA50A8}.Release|Any CPU.Build.0 = Release|Any CPU
		{FF6E7311-04CF-458A-9C3D-976B0E372833}.Debug|Any CPU.ActiveCfg = Debug|Any CPU
		{FF6E7311-04CF-458A-9C3D-976B0E372833}.Debug|Any CPU.Build.0 = Debug|Any CPU
		{FF6E7311-04CF-458A-9C3D-976B0E372833}.Release|Any CPU.ActiveCfg = Release|Any CPU
		{FF6E7311-04CF-458A-9C3D-976B0E372833}.Release|Any CPU.Build.0 = Release|Any CPU
		{0441E213-B65C-41CE-8E62-8C38A659289A}.Debug|Any CPU.ActiveCfg = Debug|Any CPU
		{0441E213-B65C-41CE-8E62-8C38A659289A}.Debug|Any CPU.Build.0 = Debug|Any CPU
		{0441E213-B65C-41CE-8E62-8C38A659289A}.Release|Any CPU.ActiveCfg = Release|Any CPU
		{0441E213-B65C-41CE-8E62-8C38A659289A}.Release|Any CPU.Build.0 = Release|Any CPU
	EndGlobalSection
	GlobalSection(SolutionProperties) = preSolution
		HideSolutionNode = FALSE
	EndGlobalSection
	GlobalSection(ExtensibilityGlobals) = postSolution
		SolutionGuid = {BCC4D3D8-5D22-40A9-AC1B-9CDD252060E5}
	EndGlobalSection
EndGlobal
